
Microsoft Visual Studio Solution File, Format Version 12.00
# Visual Studio Version 16
VisualStudioVersion = 16.0.29613.14
MinimumVisualStudioVersion = 10.0.40219.1
Project("{FAE04EC0-301F-11D3-BF4B-00C04F79EFBC}") = "NumberToLetters", "NumberToLetters.csproj", "{B6DEE7B7-D2CE-4348-9E8E-2651D2BE875F}"
EndProject
Global
	GlobalSection(SolutionConfigurationPlatforms) = preSolution
		Debug|Any CPU = Debug|Any CPU
		Release|Any CPU = Release|Any CPU
	EndGlobalSection
	GlobalSection(ProjectConfigurationPlatforms) = postSolution
		{B6DEE7B7-D2CE-4348-9E8E-2651D2BE875F}.Debug|Any CPU.ActiveCfg = Debug|Any CPU
		{B6DEE7B7-D2CE-4348-9E8E-2651D2BE875F}.Debug|Any CPU.Build.0 = Debug|Any CPU
		{B6DEE7B7-D2CE-4348-9E8E-2651D2BE875F}.Release|Any CPU.ActiveCfg = Release|Any CPU
		{B6DEE7B7-D2CE-4348-9E8E-2651D2BE875F}.Release|Any CPU.Build.0 = Release|Any CPU
	EndGlobalSection
	GlobalSection(SolutionProperties) = preSolution
		HideSolutionNode = FALSE
	EndGlobalSection
	GlobalSection(ExtensibilityGlobals) = postSolution
		SolutionGuid = {200D308D-5263-4A46-B67C-A4593D120355}
	EndGlobalSection
EndGlobal
